
Microsoft Visual Studio Solution File, Format Version 12.00
# Visual Studio 15
VisualStudioVersion = 15.0.27130.2027
MinimumVisualStudioVersion = 10.0.40219.1
Project("{FAE04EC0-301F-11D3-BF4B-00C04F79EFBC}") = "DemoSQL", "DemoSQL\DemoSQL.csproj", "{58758CF1-2EAE-4C4A-88B1-B5DC143B5BCD}"
EndProject
Project("{FAE04EC0-301F-11D3-BF4B-00C04F79EFBC}") = "DALayer", "DALayer\DALayer.csproj", "{434070A2-93B1-442D-BB89-D66FE92E5C23}"
EndProject
Global
	GlobalSection(SolutionConfigurationPlatforms) = preSolution
		Debug|Any CPU = Debug|Any CPU
		Release|Any CPU = Release|Any CPU
	EndGlobalSection
	GlobalSection(ProjectConfigurationPlatforms) = postSolution
		{58758CF1-2EAE-4C4A-88B1-B5DC143B5BCD}.Debug|Any CPU.ActiveCfg = Debug|Any CPU
		{58758CF1-2EAE-4C4A-88B1-B5DC143B5BCD}.Debug|Any CPU.Build.0 = Debug|Any CPU
		{58758CF1-2EAE-4C4A-88B1-B5DC143B5BCD}.Release|Any CPU.ActiveCfg = Release|Any CPU
		{58758CF1-2EAE-4C4A-88B1-B5DC143B5BCD}.Release|Any CPU.Build.0 = Release|Any CPU
		{434070A2-93B1-442D-BB89-D66FE92E5C23}.Debug|Any CPU.ActiveCfg = Debug|Any CPU
		{434070A2-93B1-442D-BB89-D66FE92E5C23}.Debug|Any CPU.Build.0 = Debug|Any CPU
		{434070A2-93B1-442D-BB89-D66FE92E5C23}.Release|Any CPU.ActiveCfg = Release|Any CPU
		{434070A2-93B1-442D-BB89-D66FE92E5C23}.Release|Any CPU.Build.0 = Release|Any CPU
	EndGlobalSection
	GlobalSection(SolutionProperties) = preSolution
		HideSolutionNode = FALSE
	EndGlobalSection
	GlobalSection(ExtensibilityGlobals) = postSolution
		SolutionGuid = {F53BBBE5-ED61-409D-B60B-9E4556E28BD0}
	EndGlobalSection
EndGlobal
